// !$*UTF8*$!
{
	archiveVersion = 1;
	classes = {
	};
	objectVersion = 77;
	objects = {

/* Begin PBXBuildFile section */
		05EDBBE37CF08109E34ECF32 /* MarkdownUI in Frameworks */ = {isa = PBXBuildFile; productRef = 39E194F273D81A1A0FA94DF7 /* MarkdownUI */; };
		0C681F96BD799781ECCB4300 /* TaskStoreTests.swift in Sources */ = {isa = PBXBuildFile; fileRef = 2858375BE4860101DC26B4DD /* TaskStoreTests.swift */; };
		2DD8ACE25F798FE96FE36341 /* HistoryWindowController.swift in Sources */ = {isa = PBXBuildFile; fileRef = 89F00944B5FD9E17B96D58A0 /* HistoryWindowController.swift */; };
		2F73F928E44E34CC77A7F681 /* TaskManager.swift in Sources */ = {isa = PBXBuildFile; fileRef = B9311F5FF47E49DF29E7A25D /* TaskManager.swift */; };
		3BB2BEB2ABFDA343298630DE /* L10n.swift in Sources */ = {isa = PBXBuildFile; fileRef = F8F03CC308C5153BF95CA16A /* L10n.swift */; };
		3FFC7EEC44AB9516B2008020 /* CodingPlanProviderTests.swift in Sources */ = {isa = PBXBuildFile; fileRef = 4BB0C92AD406545D9DA796D1 /* CodingPlanProviderTests.swift */; };
		415C7FF1F0213EE303F274D4 /* Task.swift in Sources */ = {isa = PBXBuildFile; fileRef = 67685A0433F1C88ED5808D0F /* Task.swift */; };
		4C008197C9657BE2B762E188 /* TaskGroupTests.swift in Sources */ = {isa = PBXBuildFile; fileRef = FF63A4A51E26E0E304C3E7DB /* TaskGroupTests.swift */; };
		56F7B071F8C83AAA53276D83 /* NotificationService.swift in Sources */ = {isa = PBXBuildFile; fileRef = D9F8326F7723CCD7421AEA28 /* NotificationService.swift */; };
		5719E430A743E1BAC8330184 /* InputWindowController.swift in Sources */ = {isa = PBXBuildFile; fileRef = 810E98EFD67B7132109D0AA2 /* InputWindowController.swift */; };
		5E5FF0D7198CECFA4C8BB3C5 /* InputView.swift in Sources */ = {isa = PBXBuildFile; fileRef = 55CE77851D65558E04CA7190 /* InputView.swift */; };
		74B297D9C9042905A391DB66 /* TaskRunner.swift in Sources */ = {isa = PBXBuildFile; fileRef = 4580BB3290766584AAB5B5F6 /* TaskRunner.swift */; };
		7A3146DB633404AAD5F37AED /* TaskStore.swift in Sources */ = {isa = PBXBuildFile; fileRef = 6F8217322D181ED222D7BFF6 /* TaskStore.swift */; };
		8080EAED8F2BD485148C5FF0 /* TaskOutlineView.swift in Sources */ = {isa = PBXBuildFile; fileRef = 07E5EDB4E4472F950F85BAF5 /* TaskOutlineView.swift */; };
		86DD732C795A5D9339EC1ACC /* Localizable.strings in Resources */ = {isa = PBXBuildFile; fileRef = 4E6FAC20A80918B18B45D1AF /* Localizable.strings */; };
		88913950714EB5F115F704FB /* APIClient.swift in Sources */ = {isa = PBXBuildFile; fileRef = A2F169FAB862697BE27D3A1B /* APIClient.swift */; };
		98556A8DDB915A6CC832452B /* HistoryView.swift in Sources */ = {isa = PBXBuildFile; fileRef = A2A3C9F212DF4CF21A56CFD2 /* HistoryView.swift */; };
		AF53E117A503F326E3A3989A /* CCTaskTests.swift in Sources */ = {isa = PBXBuildFile; fileRef = 9A4BC99A6C81E6E7BE819314 /* CCTaskTests.swift */; };
		BB3CBAE8B4098B377279EB7B /* StatusItemController.swift in Sources */ = {isa = PBXBuildFile; fileRef = 091A9EBDD912CD23E9F5443C /* StatusItemController.swift */; };
		BFB56FB996981E38A1B111BD /* ResultWindowController.swift in Sources */ = {isa = PBXBuildFile; fileRef = CBBC7491CFCBBC7CC6ED3E42 /* ResultWindowController.swift */; };
		BFE38F01F10DBB1A89FE39A3 /* SettingsStoreTests.swift in Sources */ = {isa = PBXBuildFile; fileRef = B33ECF237DAC6EAAD75664F2 /* SettingsStoreTests.swift */; };
		CAF59D65E732BB38581B6B5A /* SettingsWindowController.swift in Sources */ = {isa = PBXBuildFile; fileRef = C1F24BDFE35F0656A3E58CD6 /* SettingsWindowController.swift */; };
		D6027AF0BF8A535052FA530A /* ToolExecutorTests.swift in Sources */ = {isa = PBXBuildFile; fileRef = 51D013340DD143C9E8E4C38F /* ToolExecutorTests.swift */; };
		D65A14D93C810AFFD39051DD /* CCQuickApp.swift in Sources */ = {isa = PBXBuildFile; fileRef = 7F38E55CD395D3FB37D9C481 /* CCQuickApp.swift */; };
		DA73CC3DBF2619CEE97A04C6 /* ChatComponents.swift in Sources */ = {isa = PBXBuildFile; fileRef = 6BD072D31AF098F670540CB8 /* ChatComponents.swift */; };
		DB3EC0D87C6F837FED396F61 /* SettingsView.swift in Sources */ = {isa = PBXBuildFile; fileRef = 4152192DE27FE2E8811724D8 /* SettingsView.swift */; };
		E903393B65AA74B2FE6572CE /* SettingsStore.swift in Sources */ = {isa = PBXBuildFile; fileRef = BE51EB9748E93FCAEDC1B3E3 /* SettingsStore.swift */; };
		EE9DD3BC771A54F819B66305 /* AppDelegate.swift in Sources */ = {isa = PBXBuildFile; fileRef = CD140A39950702D107F95492 /* AppDelegate.swift */; };
		EEDC221E7158F99D8D953B40 /* MarkdownUtilsTests.swift in Sources */ = {isa = PBXBuildFile; fileRef = 570B03BAE5796ED9E960F4FA /* MarkdownUtilsTests.swift */; };
		F71EB1AA7F3CF07F8C3D26C5 /* Assets.xcassets in Resources */ = {isa = PBXBuildFile; fileRef = 3FFBF6BD3840F928C782F59E /* Assets.xcassets */; };
/* End PBXBuildFile section */

/* Begin PBXContainerItemProxy section */
		92E0FECAA054C8E14C4B3CF1 /* PBXContainerItemProxy */ = {
			isa = PBXContainerItemProxy;
			containerPortal = 188D0E2A3D4E3DAFA8FBC555 /* Project object */;
			proxyType = 1;
			remoteGlobalIDString = DF1987D50DEA98C7B8F404B2;
			remoteInfo = CCQuick;
		};
/* End PBXContainerItemProxy section */

/* Begin PBXFileReference section */
		05EA06D3092109E1152DBEF9 /* fr */ = {isa = PBXFileReference; lastKnownFileType = text.plist.strings; name = fr; path = fr.lproj/Localizable.strings; sourceTree = "<group>"; };
		073B90AE00866462453AEC5F /* es */ = {isa = PBXFileReference; lastKnownFileType = text.plist.strings; name = es; path = es.lproj/Localizable.strings; sourceTree = "<group>"; };
		07E5EDB4E4472F950F85BAF5 /* TaskOutlineView.swift */ = {isa = PBXFileReference; lastKnownFileType = sourcecode.swift; path = TaskOutlineView.swift; sourceTree = "<group>"; };
		091A9EBDD912CD23E9F5443C /* StatusItemController.swift */ = {isa = PBXFileReference; lastKnownFileType = sourcecode.swift; path = StatusItemController.swift; sourceTree = "<group>"; };
		18BA1F1D3CD62BF735E24AB1 /* de */ = {isa = PBXFileReference; lastKnownFileType = text.plist.strings; name = de; path = de.lproj/Localizable.strings; sourceTree = "<group>"; };
		2858375BE4860101DC26B4DD /* TaskStoreTests.swift */ = {isa = PBXFileReference; lastKnownFileType = sourcecode.swift; path = TaskStoreTests.swift; sourceTree = "<group>"; };
		2A3D93CF4A90F869F6F3D6C8 /* CCQuick.entitlements */ = {isa = PBXFileReference; lastKnownFileType = text.plist.entitlements; path = CCQuick.entitlements; sourceTree = "<group>"; };
		3FFBF6BD3840F928C782F59E /* Assets.xcassets */ = {isa = PBXFileReference; lastKnownFileType = folder.assetcatalog; path = Assets.xcassets; sourceTree = "<group>"; };
		4152192DE27FE2E8811724D8 /* SettingsView.swift */ = {isa = PBXFileReference; lastKnownFileType = sourcecode.swift; path = SettingsView.swift; sourceTree = "<group>"; };
		4580BB3290766584AAB5B5F6 /* TaskRunner.swift */ = {isa = PBXFileReference; lastKnownFileType = sourcecode.swift; path = TaskRunner.swift; sourceTree = "<group>"; };
		4BB0C92AD406545D9DA796D1 /* CodingPlanProviderTests.swift */ = {isa = PBXFileReference; lastKnownFileType = sourcecode.swift; path = CodingPlanProviderTests.swift; sourceTree = "<group>"; };
		51D013340DD143C9E8E4C38F /* ToolExecutorTests.swift */ = {isa = PBXFileReference; lastKnownFileType = sourcecode.swift; path = ToolExecutorTests.swift; sourceTree = "<group>"; };
		55CE77851D65558E04CA7190 /* InputView.swift */ = {isa = PBXFileReference; lastKnownFileType = sourcecode.swift; path = InputView.swift; sourceTree = "<group>"; };
		570B03BAE5796ED9E960F4FA /* MarkdownUtilsTests.swift */ = {isa = PBXFileReference; lastKnownFileType = sourcecode.swift; path = MarkdownUtilsTests.swift; sourceTree = "<group>"; };
		674701A8CDC56EC5E20242D9 /* CCQuick.app */ = {isa = PBXFileReference; explicitFileType = wrapper.application; includeInIndex = 0; path = CCQuick.app; sourceTree = BUILT_PRODUCTS_DIR; };
		67685A0433F1C88ED5808D0F /* Task.swift */ = {isa = PBXFileReference; lastKnownFileType = sourcecode.swift; path = Task.swift; sourceTree = "<group>"; };
		6BD072D31AF098F670540CB8 /* ChatComponents.swift */ = {isa = PBXFileReference; lastKnownFileType = sourcecode.swift; path = ChatComponents.swift; sourceTree = "<group>"; };
		6F8217322D181ED222D7BFF6 /* TaskStore.swift */ = {isa = PBXFileReference; lastKnownFileType = sourcecode.swift; path = TaskStore.swift; sourceTree = "<group>"; };
		7DAB020D481F17A54CCF2755 /* en */ = {isa = PBXFileReference; lastKnownFileType = text.plist.strings; name = en; path = en.lproj/Localizable.strings; sourceTree = "<group>"; };
		7F38E55CD395D3FB37D9C481 /* CCQuickApp.swift */ = {isa = PBXFileReference; lastKnownFileType = sourcecode.swift; path = CCQuickApp.swift; sourceTree = "<group>"; };
		810E98EFD67B7132109D0AA2 /* InputWindowController.swift */ = {isa = PBXFileReference; lastKnownFileType = sourcecode.swift; path = InputWindowController.swift; sourceTree = "<group>"; };
		89F00944B5FD9E17B96D58A0 /* HistoryWindowController.swift */ = {isa = PBXFileReference; lastKnownFileType = sourcecode.swift; path = HistoryWindowController.swift; sourceTree = "<group>"; };
		9A4BC99A6C81E6E7BE819314 /* CCTaskTests.swift */ = {isa = PBXFileReference; lastKnownFileType = sourcecode.swift; path = CCTaskTests.swift; sourceTree = "<group>"; };
		9D38B327A4CFD3C32672B6AD /* ja */ = {isa = PBXFileReference; lastKnownFileType = text.plist.strings; name = ja; path = ja.lproj/Localizable.strings; sourceTree = "<group>"; };
		A2A3C9F212DF4CF21A56CFD2 /* HistoryView.swift */ = {isa = PBXFileReference; lastKnownFileType = sourcecode.swift; path = HistoryView.swift; sourceTree = "<group>"; };
		A2F169FAB862697BE27D3A1B /* APIClient.swift */ = {isa = PBXFileReference; lastKnownFileType = sourcecode.swift; path = APIClient.swift; sourceTree = "<group>"; };
		A64A3CC5BCC6AE700C37CFDF /* CCQuickTests.xctest */ = {isa = PBXFileReference; explicitFileType = wrapper.cfbundle; includeInIndex = 0; path = CCQuickTests.xctest; sourceTree = BUILT_PRODUCTS_DIR; };
		B33ECF237DAC6EAAD75664F2 /* SettingsStoreTests.swift */ = {isa = PBXFileReference; lastKnownFileType = sourcecode.swift; path = SettingsStoreTests.swift; sourceTree = "<group>"; };
		B9311F5FF47E49DF29E7A25D /* TaskManager.swift */ = {isa = PBXFileReference; lastKnownFileType = sourcecode.swift; path = TaskManager.swift; sourceTree = "<group>"; };
		BE51EB9748E93FCAEDC1B3E3 /* SettingsStore.swift */ = {isa = PBXFileReference; lastKnownFileType = sourcecode.swift; path = SettingsStore.swift; sourceTree = "<group>"; };
		C1F24BDFE35F0656A3E58CD6 /* SettingsWindowController.swift */ = {isa = PBXFileReference; lastKnownFileType = sourcecode.swift; path = SettingsWindowController.swift; sourceTree = "<group>"; };
		CBBC7491CFCBBC7CC6ED3E42 /* ResultWindowController.swift */ = {isa = PBXFileReference; lastKnownFileType = sourcecode.swift; path = ResultWindowController.swift; sourceTree = "<group>"; };
		CD140A39950702D107F95492 /* AppDelegate.swift */ = {isa = PBXFileReference; lastKnownFileType = sourcecode.swift; path = AppDelegate.swift; sourceTree = "<group>"; };
		D4E965E4E1F11C67B41E3331 /* zh-Hans */ = {isa = PBXFileReference; lastKnownFileType = text.plist.strings; name = "zh-Hans"; path = "zh-Hans.lproj/Localizable.strings"; sourceTree = "<group>"; };
		D9F8326F7723CCD7421AEA28 /* NotificationService.swift */ = {isa = PBXFileReference; lastKnownFileType = sourcecode.swift; path = NotificationService.swift; sourceTree = "<group>"; };
		E8AD94028D076BC1CF43CD7E /* ko */ = {isa = PBXFileReference; lastKnownFileType = text.plist.strings; name = ko; path = ko.lproj/Localizable.strings; sourceTree = "<group>"; };
		F2FB8F915282D62C996795B5 /* pt-BR */ = {isa = PBXFileReference; lastKnownFileType = text.plist.strings; name = "pt-BR"; path = "pt-BR.lproj/Localizable.strings"; sourceTree = "<group>"; };
		F89B269A46F2AE2F9B94E356 /* Info.plist */ = {isa = PBXFileReference; lastKnownFileType = text.plist; path = Info.plist; sourceTree = "<group>"; };
		F8F03CC308C5153BF95CA16A /* L10n.swift */ = {isa = PBXFileReference; lastKnownFileType = sourcecode.swift; path = L10n.swift; sourceTree = "<group>"; };
		FF63A4A51E26E0E304C3E7DB /* TaskGroupTests.swift */ = {isa = PBXFileReference; lastKnownFileType = sourcecode.swift; path = TaskGroupTests.swift; sourceTree = "<group>"; };
/* End PBXFileReference section */

/* Begin PBXFrameworksBuildPhase section */
		7E031BC5263BC19BC51F31D7 /* Frameworks */ = {
			isa = PBXFrameworksBuildPhase;
			buildActionMask = 2147483647;
			files = (
				05EDBBE37CF08109E34ECF32 /* MarkdownUI in Frameworks */,
			);
			runOnlyForDeploymentPostprocessing = 0;
		};
/* End PBXFrameworksBuildPhase section */

/* Begin PBXGroup section */
		02581FC041F69F77502FD55B /* Notifications */ = {
			isa = PBXGroup;
			children = (
				D9F8326F7723CCD7421AEA28 /* NotificationService.swift */,
			);
			path = Notifications;
			sourceTree = "<group>";
		};
		1E85CA991E13B4DF58A2266A /* Resources */ = {
			isa = PBXGroup;
			children = (
				3FFBF6BD3840F928C782F59E /* Assets.xcassets */,
				F89B269A46F2AE2F9B94E356 /* Info.plist */,
				4E6FAC20A80918B18B45D1AF /* Localizable.strings */,
			);
			path = Resources;
			sourceTree = "<group>";
		};
		307968C135879EAEF92AA67C /* MenuBar */ = {
			isa = PBXGroup;
			children = (
				091A9EBDD912CD23E9F5443C /* StatusItemController.swift */,
			);
			path = MenuBar;
			sourceTree = "<group>";
		};
		4326160512093CDE34B11874 /* Model */ = {
			isa = PBXGroup;
			children = (
				9A4BC99A6C81E6E7BE819314 /* CCTaskTests.swift */,
			);
			path = Model;
			sourceTree = "<group>";
		};
		5C0825C6CF7BEF8997939F65 /* App */ = {
			isa = PBXGroup;
			children = (
				CD140A39950702D107F95492 /* AppDelegate.swift */,
				7F38E55CD395D3FB37D9C481 /* CCQuickApp.swift */,
			);
			path = App;
			sourceTree = "<group>";
		};
		60591D01C005B973E6CABA58 /* Utils */ = {
			isa = PBXGroup;
			children = (
				570B03BAE5796ED9E960F4FA /* MarkdownUtilsTests.swift */,
				FF63A4A51E26E0E304C3E7DB /* TaskGroupTests.swift */,
			);
			path = Utils;
			sourceTree = "<group>";
		};
		66ED300584905F41623430AC /* CCQuickTests */ = {
			isa = PBXGroup;
			children = (
				6F060CBF5C79F1216E958618 /* API */,
				4326160512093CDE34B11874 /* Model */,
				7EDBF35130C5E6AF4D18FE11 /* Store */,
				60591D01C005B973E6CABA58 /* Utils */,
			);
			path = CCQuickTests;
			sourceTree = "<group>";
		};
		6F060CBF5C79F1216E958618 /* API */ = {
			isa = PBXGroup;
			children = (
				51D013340DD143C9E8E4C38F /* ToolExecutorTests.swift */,
			);
			path = API;
			sourceTree = "<group>";
		};
		7EDBF35130C5E6AF4D18FE11 /* Store */ = {
			isa = PBXGroup;
			children = (
				4BB0C92AD406545D9DA796D1 /* CodingPlanProviderTests.swift */,
				B33ECF237DAC6EAAD75664F2 /* SettingsStoreTests.swift */,
				2858375BE4860101DC26B4DD /* TaskStoreTests.swift */,
			);
			path = Store;
			sourceTree = "<group>";
		};
		8E3ED3441DEA260F7A8D7BFE /* History */ = {
			isa = PBXGroup;
			children = (
				6BD072D31AF098F670540CB8 /* ChatComponents.swift */,
				A2A3C9F212DF4CF21A56CFD2 /* HistoryView.swift */,
				89F00944B5FD9E17B96D58A0 /* HistoryWindowController.swift */,
				07E5EDB4E4472F950F85BAF5 /* TaskOutlineView.swift */,
			);
			path = History;
			sourceTree = "<group>";
		};
		90CCCF3908CDC61921B74556 /* Settings */ = {
			isa = PBXGroup;
			children = (
				BE51EB9748E93FCAEDC1B3E3 /* SettingsStore.swift */,
				4152192DE27FE2E8811724D8 /* SettingsView.swift */,
				C1F24BDFE35F0656A3E58CD6 /* SettingsWindowController.swift */,
			);
			path = Settings;
			sourceTree = "<group>";
		};
		92CF8927EC85BBBDE1FB7B74 /* CCQuick */ = {
			isa = PBXGroup;
			children = (
				2A3D93CF4A90F869F6F3D6C8 /* CCQuick.entitlements */,
				5C0825C6CF7BEF8997939F65 /* App */,
				8E3ED3441DEA260F7A8D7BFE /* History */,
				F63323D94EEEB850B4141148 /* InputWindow */,
				C1A8DBC7D971C4D8027AEB1D /* Localization */,
				307968C135879EAEF92AA67C /* MenuBar */,
				02581FC041F69F77502FD55B /* Notifications */,
				1E85CA991E13B4DF58A2266A /* Resources */,
				A67603518A84FFF0C0568D9F /* Result */,
				90CCCF3908CDC61921B74556 /* Settings */,
				C0AAB7E428AB80E30DDFDE5E /* Task */,
			);
			path = CCQuick;
			sourceTree = "<group>";
		};
		A628D6378DFEC4F06177470D = {
			isa = PBXGroup;
			children = (
				92CF8927EC85BBBDE1FB7B74 /* CCQuick */,
				66ED300584905F41623430AC /* CCQuickTests */,
				D8D017CCDD46660D2684457E /* Products */,
			);
			sourceTree = "<group>";
		};
		A67603518A84FFF0C0568D9F /* Result */ = {
			isa = PBXGroup;
			children = (
				CBBC7491CFCBBC7CC6ED3E42 /* ResultWindowController.swift */,
			);
			path = Result;
			sourceTree = "<group>";
		};
		C0AAB7E428AB80E30DDFDE5E /* Task */ = {
			isa = PBXGroup;
			children = (
				A2F169FAB862697BE27D3A1B /* APIClient.swift */,
				67685A0433F1C88ED5808D0F /* Task.swift */,
				B9311F5FF47E49DF29E7A25D /* TaskManager.swift */,
				4580BB3290766584AAB5B5F6 /* TaskRunner.swift */,
				6F8217322D181ED222D7BFF6 /* TaskStore.swift */,
			);
			path = Task;
			sourceTree = "<group>";
		};
		C1A8DBC7D971C4D8027AEB1D /* Localization */ = {
			isa = PBXGroup;
			children = (
				F8F03CC308C5153BF95CA16A /* L10n.swift */,
			);
			path = Localization;
			sourceTree = "<group>";
		};
		D8D017CCDD46660D2684457E /* Products */ = {
			isa = PBXGroup;
			children = (
				674701A8CDC56EC5E20242D9 /* CCQuick.app */,
				A64A3CC5BCC6AE700C37CFDF /* CCQuickTests.xctest */,
			);
			name = Products;
			sourceTree = "<group>";
		};
		F63323D94EEEB850B4141148 /* InputWindow */ = {
			isa = PBXGroup;
			children = (
				55CE77851D65558E04CA7190 /* InputView.swift */,
				810E98EFD67B7132109D0AA2 /* InputWindowController.swift */,
			);
			path = InputWindow;
			sourceTree = "<group>";
		};
/* End PBXGroup section */

/* Begin PBXNativeTarget section */
		0B0FE66159EF992E50EC617E /* CCQuickTests */ = {
			isa = PBXNativeTarget;
			buildConfigurationList = ECE1A9EB5EBC0F41272B58F5 /* Build configuration list for PBXNativeTarget "CCQuickTests" */;
			buildPhases = (
				91B9746E0617265A69000EB4 /* Sources */,
			);
			buildRules = (
			);
			dependencies = (
				42D6CC9A1D13F2F2B9F56C3E /* PBXTargetDependency */,
			);
			name = CCQuickTests;
			packageProductDependencies = (
			);
			productName = CCQuickTests;
			productReference = A64A3CC5BCC6AE700C37CFDF /* CCQuickTests.xctest */;
			productType = "com.apple.product-type.bundle.unit-test";
		};
		DF1987D50DEA98C7B8F404B2 /* CCQuick */ = {
			isa = PBXNativeTarget;
			buildConfigurationList = 85D56F4C114E09034F2F2E6E /* Build configuration list for PBXNativeTarget "CCQuick" */;
			buildPhases = (
				6F05A03CDDC72AD6FDD95C38 /* Sources */,
				34FF776E41DB57DB94DD6350 /* Resources */,
				7E031BC5263BC19BC51F31D7 /* Frameworks */,
			);
			buildRules = (
			);
			dependencies = (
			);
			name = CCQuick;
			packageProductDependencies = (
				39E194F273D81A1A0FA94DF7 /* MarkdownUI */,
			);
			productName = CCQuick;
			productReference = 674701A8CDC56EC5E20242D9 /* CCQuick.app */;
			productType = "com.apple.product-type.application";
		};
/* End PBXNativeTarget section */

/* Begin PBXProject section */
		188D0E2A3D4E3DAFA8FBC555 /* Project object */ = {
			isa = PBXProject;
			attributes = {
				BuildIndependentTargetsInParallel = YES;
				LastUpgradeCheck = 1600;
				TargetAttributes = {
					0B0FE66159EF992E50EC617E = {
						ProvisioningStyle = Automatic;
					};
					DF1987D50DEA98C7B8F404B2 = {
						ProvisioningStyle = Automatic;
					};
				};
			};
			buildConfigurationList = A298479D76548C12830A0A98 /* Build configuration list for PBXProject "CCQuick" */;
			developmentRegion = "zh-Hans";
			hasScannedForEncodings = 0;
			knownRegions = (
				Base,
				de,
				en,
				es,
				fr,
				ja,
				ko,
				"pt-BR",
				"zh-Hans",
			);
			mainGroup = A628D6378DFEC4F06177470D;
			minimizedProjectReferenceProxies = 1;
			packageReferences = (
				FDE8B95C1B19CC09883FAEBB /* XCRemoteSwiftPackageReference "swift-markdown-ui" */,
			);
			preferredProjectObjectVersion = 77;
			productRefGroup = D8D017CCDD46660D2684457E /* Products */;
			projectDirPath = "";
			projectRoot = "";
			targets = (
				DF1987D50DEA98C7B8F404B2 /* CCQuick */,
				0B0FE66159EF992E50EC617E /* CCQuickTests */,
			);
		};
/* End PBXProject section */

/* Begin PBXResourcesBuildPhase section */
		34FF776E41DB57DB94DD6350 /* Resources */ = {
			isa = PBXResourcesBuildPhase;
			buildActionMask = 2147483647;
			files = (
				F71EB1AA7F3CF07F8C3D26C5 /* Assets.xcassets in Resources */,
				86DD732C795A5D9339EC1ACC /* Localizable.strings in Resources */,
			);
			runOnlyForDeploymentPostprocessing = 0;
		};
/* End PBXResourcesBuildPhase section */

/* Begin PBXSourcesBuildPhase section */
		6F05A03CDDC72AD6FDD95C38 /* Sources */ = {
			isa = PBXSourcesBuildPhase;
			buildActionMask = 2147483647;
			files = (
				88913950714EB5F115F704FB /* APIClient.swift in Sources */,
				EE9DD3BC771A54F819B66305 /* AppDelegate.swift in Sources */,
				D65A14D93C810AFFD39051DD /* CCQuickApp.swift in Sources */,
				DA73CC3DBF2619CEE97A04C6 /* ChatComponents.swift in Sources */,
				98556A8DDB915A6CC832452B /* HistoryView.swift in Sources */,
				2DD8ACE25F798FE96FE36341 /* HistoryWindowController.swift in Sources */,
				5E5FF0D7198CECFA4C8BB3C5 /* InputView.swift in Sources */,
				5719E430A743E1BAC8330184 /* InputWindowController.swift in Sources */,
				3BB2BEB2ABFDA343298630DE /* L10n.swift in Sources */,
				56F7B071F8C83AAA53276D83 /* NotificationService.swift in Sources */,
				BFB56FB996981E38A1B111BD /* ResultWindowController.swift in Sources */,
				E903393B65AA74B2FE6572CE /* SettingsStore.swift in Sources */,
				DB3EC0D87C6F837FED396F61 /* SettingsView.swift in Sources */,
				CAF59D65E732BB38581B6B5A /* SettingsWindowController.swift in Sources */,
				BB3CBAE8B4098B377279EB7B /* StatusItemController.swift in Sources */,
				415C7FF1F0213EE303F274D4 /* Task.swift in Sources */,
				2F73F928E44E34CC77A7F681 /* TaskManager.swift in Sources */,
				8080EAED8F2BD485148C5FF0 /* TaskOutlineView.swift in Sources */,
				74B297D9C9042905A391DB66 /* TaskRunner.swift in Sources */,
				7A3146DB633404AAD5F37AED /* TaskStore.swift in Sources */,
			);
			runOnlyForDeploymentPostprocessing = 0;
		};
		91B9746E0617265A69000EB4 /* Sources */ = {
			isa = PBXSourcesBuildPhase;
			buildActionMask = 2147483647;
			files = (
				AF53E117A503F326E3A3989A /* CCTaskTests.swift in Sources */,
				3FFC7EEC44AB9516B2008020 /* CodingPlanProviderTests.swift in Sources */,
				EEDC221E7158F99D8D953B40 /* MarkdownUtilsTests.swift in Sources */,
				BFE38F01F10DBB1A89FE39A3 /* SettingsStoreTests.swift in Sources */,
				4C008197C9657BE2B762E188 /* TaskGroupTests.swift in Sources */,
				0C681F96BD799781ECCB4300 /* TaskStoreTests.swift in Sources */,
				D6027AF0BF8A535052FA530A /* ToolExecutorTests.swift in Sources */,
			);
			runOnlyForDeploymentPostprocessing = 0;
		};
/* End PBXSourcesBuildPhase section */

/* Begin PBXTargetDependency section */
		42D6CC9A1D13F2F2B9F56C3E /* PBXTargetDependency */ = {
			isa = PBXTargetDependency;
			target = DF1987D50DEA98C7B8F404B2 /* CCQuick */;
			targetProxy = 92E0FECAA054C8E14C4B3CF1 /* PBXContainerItemProxy */;
		};
/* End PBXTargetDependency section */

/* Begin PBXVariantGroup section */
		4E6FAC20A80918B18B45D1AF /* Localizable.strings */ = {
			isa = PBXVariantGroup;
			children = (
				18BA1F1D3CD62BF735E24AB1 /* de */,
				7DAB020D481F17A54CCF2755 /* en */,
				073B90AE00866462453AEC5F /* es */,
				05EA06D3092109E1152DBEF9 /* fr */,
				9D38B327A4CFD3C32672B6AD /* ja */,
				E8AD94028D076BC1CF43CD7E /* ko */,
				F2FB8F915282D62C996795B5 /* pt-BR */,
				D4E965E4E1F11C67B41E3331 /* zh-Hans */,
			);
			name = Localizable.strings;
			sourceTree = "<group>";
		};
/* End PBXVariantGroup section */

/* Begin XCBuildConfiguration section */
		0FCB7DD613EAB5B0B4207783 /* Release */ = {
			isa = XCBuildConfiguration;
			buildSettings = {
				ASSETCATALOG_COMPILER_APPICON_NAME = AppIcon;
				CODE_SIGN_ENTITLEMENTS = CCQuick/CCQuick.entitlements;
				COMBINE_HIDPI_IMAGES = YES;
				INFOPLIST_FILE = CCQuick/Resources/Info.plist;
				LD_RUNPATH_SEARCH_PATHS = (
					"$(inherited)",
					"@executable_path/../Frameworks",
				);
				MACOSX_DEPLOYMENT_TARGET = 14.0;
				PRODUCT_BUNDLE_IDENTIFIER = com.ccquick.app;
				PRODUCT_NAME = CCQuick;
				SDKROOT = macosx;
			};
			name = Release;
		};
		4BC6F674320D8CE4F09A8BFC /* Release */ = {
			isa = XCBuildConfiguration;
			buildSettings = {
				ALWAYS_SEARCH_USER_PATHS = NO;
				CLANG_ANALYZER_NONNULL = YES;
				CLANG_ANALYZER_NUMBER_OBJECT_CONVERSION = YES_AGGRESSIVE;
				CLANG_CXX_LANGUAGE_STANDARD = "gnu++14";
				CLANG_CXX_LIBRARY = "libc++";
				CLANG_ENABLE_MODULES = YES;
				CLANG_ENABLE_OBJC_ARC = YES;
				CLANG_ENABLE_OBJC_WEAK = YES;
				CLANG_WARN_BLOCK_CAPTURE_AUTORELEASING = YES;
				CLANG_WARN_BOOL_CONVERSION = YES;
				CLANG_WARN_COMMA = YES;
				CLANG_WARN_CONSTANT_CONVERSION = YES;
				CLANG_WARN_DEPRECATED_OBJC_IMPLEMENTATIONS = YES;
				CLANG_WARN_DIRECT_OBJC_ISA_USAGE = YES_ERROR;
				CLANG_WARN_DOCUMENTATION_COMMENTS = YES;
				CLANG_WARN_EMPTY_BODY = YES;
				CLANG_WARN_ENUM_CONVERSION = YES;
				CLANG_WARN_INFINITE_RECURSION = YES;
				CLANG_WARN_INT_CONVERSION = YES;
				CLANG_WARN_NON_LITERAL_NULL_CONVERSION = YES;
				CLANG_WARN_OBJC_IMPLICIT_RETAIN_SELF = YES;
				CLANG_WARN_OBJC_LITERAL_CONVERSION = YES;
				CLANG_WARN_OBJC_ROOT_CLASS = YES_ERROR;
				CLANG_WARN_QUOTED_INCLUDE_IN_FRAMEWORK_HEADER = YES;
				CLANG_WARN_RANGE_LOOP_ANALYSIS = YES;
				CLANG_WARN_STRICT_PROTOTYPES = YES;
				CLANG_WARN_SUSPICIOUS_MOVE = YES;
				CLANG_WARN_UNGUARDED_AVAILABILITY = YES_AGGRESSIVE;
				CLANG_WARN_UNREACHABLE_CODE = YES;
				CLANG_WARN__DUPLICATE_METHOD_MATCH = YES;
				CODE_SIGN_STYLE = Automatic;
				COPY_PHASE_STRIP = NO;
				DEBUG_INFORMATION_FORMAT = "dwarf-with-dsym";
				ENABLE_HARDENED_RUNTIME = YES;
				ENABLE_NS_ASSERTIONS = NO;
				ENABLE_STRICT_OBJC_MSGSEND = YES;
				GCC_C_LANGUAGE_STANDARD = gnu11;
				GCC_NO_COMMON_BLOCKS = YES;
				GCC_WARN_64_TO_32_BIT_CONVERSION = YES;
				GCC_WARN_ABOUT_RETURN_TYPE = YES_ERROR;
				GCC_WARN_UNDECLARED_SELECTOR = YES;
				GCC_WARN_UNINITIALIZED_AUTOS = YES_AGGRESSIVE;
				GCC_WARN_UNUSED_FUNCTION = YES;
				GCC_WARN_UNUSED_VARIABLE = YES;
				MACOSX_DEPLOYMENT_TARGET = 14.0;
				MTL_ENABLE_DEBUG_INFO = NO;
				MTL_FAST_MATH = YES;
				PRODUCT_NAME = "$(TARGET_NAME)";
				SDKROOT = macosx;
				SWIFT_COMPILATION_MODE = wholemodule;
				SWIFT_OPTIMIZATION_LEVEL = "-O";
				SWIFT_VERSION = 5.9;
			};
			name = Release;
		};
		89AABF653803CB045FEF4FF1 /* Debug */ = {
			isa = XCBuildConfiguration;
			buildSettings = {
				BUNDLE_LOADER = "$(TEST_HOST)";
				COMBINE_HIDPI_IMAGES = YES;
				GENERATE_INFOPLIST_FILE = YES;
				LD_RUNPATH_SEARCH_PATHS = (
					"$(inherited)",
					"@executable_path/../Frameworks",
					"@loader_path/../Frameworks",
				);
				MACOSX_DEPLOYMENT_TARGET = 14.0;
				PRODUCT_BUNDLE_IDENTIFIER = com.ccquick.tests;
				SDKROOT = macosx;
				TEST_HOST = "$(BUILT_PRODUCTS_DIR)/CCQuick.app/Contents/MacOS/CCQuick";
			};
			name = Debug;
		};
		AB09878A110EBE208C4D298F /* Release */ = {
			isa = XCBuildConfiguration;
			buildSettings = {
				BUNDLE_LOADER = "$(TEST_HOST)";
				COMBINE_HIDPI_IMAGES = YES;
				GENERATE_INFOPLIST_FILE = YES;
				LD_RUNPATH_SEARCH_PATHS = (
					"$(inherited)",
					"@executable_path/../Frameworks",
					"@loader_path/../Frameworks",
				);
				MACOSX_DEPLOYMENT_TARGET = 14.0;
				PRODUCT_BUNDLE_IDENTIFIER = com.ccquick.tests;
				SDKROOT = macosx;
				TEST_HOST = "$(BUILT_PRODUCTS_DIR)/CCQuick.app/Contents/MacOS/CCQuick";
			};
			name = Release;
		};
		BDBAC641840C95B21910AD21 /* Debug */ = {
			isa = XCBuildConfiguration;
			buildSettings = {
				ALWAYS_SEARCH_USER_PATHS = NO;
				CLANG_ANALYZER_NONNULL = YES;
				CLANG_ANALYZER_NUMBER_OBJECT_CONVERSION = YES_AGGRESSIVE;
				CLANG_CXX_LANGUAGE_STANDARD = "gnu++14";
				CLANG_CXX_LIBRARY = "libc++";
				CLANG_ENABLE_MODULES = YES;
				CLANG_ENABLE_OBJC_ARC = YES;
				CLANG_ENABLE_OBJC_WEAK = YES;
				CLANG_WARN_BLOCK_CAPTURE_AUTORELEASING = YES;
				CLANG_WARN_BOOL_CONVERSION = YES;
				CLANG_WARN_COMMA = YES;
				CLANG_WARN_CONSTANT_CONVERSION = YES;
				CLANG_WARN_DEPRECATED_OBJC_IMPLEMENTATIONS = YES;
				CLANG_WARN_DIRECT_OBJC_ISA_USAGE = YES_ERROR;
				CLANG_WARN_DOCUMENTATION_COMMENTS = YES;
				CLANG_WARN_EMPTY_BODY = YES;
				CLANG_WARN_ENUM_CONVERSION = YES;
				CLANG_WARN_INFINITE_RECURSION = YES;
				CLANG_WARN_INT_CONVERSION = YES;
				CLANG_WARN_NON_LITERAL_NULL_CONVERSION = YES;
				CLANG_WARN_OBJC_IMPLICIT_RETAIN_SELF = YES;
				CLANG_WARN_OBJC_LITERAL_CONVERSION = YES;
				CLANG_WARN_OBJC_ROOT_CLASS = YES_ERROR;
				CLANG_WARN_QUOTED_INCLUDE_IN_FRAMEWORK_HEADER = YES;
				CLANG_WARN_RANGE_LOOP_ANALYSIS = YES;
				CLANG_WARN_STRICT_PROTOTYPES = YES;
				CLANG_WARN_SUSPICIOUS_MOVE = YES;
				CLANG_WARN_UNGUARDED_AVAILABILITY = YES_AGGRESSIVE;
				CLANG_WARN_UNREACHABLE_CODE = YES;
				CLANG_WARN__DUPLICATE_METHOD_MATCH = YES;
				CODE_SIGN_STYLE = Automatic;
				COPY_PHASE_STRIP = NO;
				DEBUG_INFORMATION_FORMAT = dwarf;
				ENABLE_HARDENED_RUNTIME = YES;
				ENABLE_STRICT_OBJC_MSGSEND = YES;
				ENABLE_TESTABILITY = YES;
				GCC_C_LANGUAGE_STANDARD = gnu11;
				GCC_DYNAMIC_NO_PIC = NO;
				GCC_NO_COMMON_BLOCKS = YES;
				GCC_OPTIMIZATION_LEVEL = 0;
				GCC_PREPROCESSOR_DEFINITIONS = (
					"$(inherited)",
					"DEBUG=1",
				);
				GCC_WARN_64_TO_32_BIT_CONVERSION = YES;
				GCC_WARN_ABOUT_RETURN_TYPE = YES_ERROR;
				GCC_WARN_UNDECLARED_SELECTOR = YES;
				GCC_WARN_UNINITIALIZED_AUTOS = YES_AGGRESSIVE;
				GCC_WARN_UNUSED_FUNCTION = YES;
				GCC_WARN_UNUSED_VARIABLE = YES;
				MACOSX_DEPLOYMENT_TARGET = 14.0;
				MTL_ENABLE_DEBUG_INFO = INCLUDE_SOURCE;
				MTL_FAST_MATH = YES;
				ONLY_ACTIVE_ARCH = YES;
				PRODUCT_NAME = "$(TARGET_NAME)";
				SDKROOT = macosx;
				SWIFT_ACTIVE_COMPILATION_CONDITIONS = DEBUG;
				SWIFT_OPTIMIZATION_LEVEL = "-Onone";
				SWIFT_VERSION = 5.9;
			};
			name = Debug;
		};
		F690EEC1FD1B63E0D775EC16 /* Debug */ = {
			isa = XCBuildConfiguration;
			buildSettings = {
				ASSETCATALOG_COMPILER_APPICON_NAME = AppIcon;
				CODE_SIGN_ENTITLEMENTS = CCQuick/CCQuick.entitlements;
				COMBINE_HIDPI_IMAGES = YES;
				INFOPLIST_FILE = CCQuick/Resources/Info.plist;
				LD_RUNPATH_SEARCH_PATHS = (
					"$(inherited)",
					"@executable_path/../Frameworks",
				);
				MACOSX_DEPLOYMENT_TARGET = 14.0;
				PRODUCT_BUNDLE_IDENTIFIER = com.ccquick.app;
				PRODUCT_NAME = CCQuick;
				SDKROOT = macosx;
			};
			name = Debug;
		};
/* End XCBuildConfiguration section */

/* Begin XCConfigurationList section */
		85D56F4C114E09034F2F2E6E /* Build configuration list for PBXNativeTarget "CCQuick" */ = {
			isa = XCConfigurationList;
			buildConfigurations = (
				F690EEC1FD1B63E0D775EC16 /* Debug */,
				0FCB7DD613EAB5B0B4207783 /* Release */,
			);
			defaultConfigurationIsVisible = 0;
			defaultConfigurationName = Debug;
		};
		A298479D76548C12830A0A98 /* Build configuration list for PBXProject "CCQuick" */ = {
			isa = XCConfigurationList;
			buildConfigurations = (
				BDBAC641840C95B21910AD21 /* Debug */,
				4BC6F674320D8CE4F09A8BFC /* Release */,
			);
			defaultConfigurationIsVisible = 0;
			defaultConfigurationName = Debug;
		};
		ECE1A9EB5EBC0F41272B58F5 /* Build configuration list for PBXNativeTarget "CCQuickTests" */ = {
			isa = XCConfigurationList;
			buildConfigurations = (
				89AABF653803CB045FEF4FF1 /* Debug */,
				AB09878A110EBE208C4D298F /* Release */,
			);
			defaultConfigurationIsVisible = 0;
			defaultConfigurationName = Debug;
		};
/* End XCConfigurationList section */

/* Begin XCRemoteSwiftPackageReference section */
		FDE8B95C1B19CC09883FAEBB /* XCRemoteSwiftPackageReference "swift-markdown-ui" */ = {
			isa = XCRemoteSwiftPackageReference;
			repositoryURL = "https://github.com/gonzalezreal/swift-markdown-ui";
			requirement = {
				kind = upToNextMajorVersion;
				minimumVersion = 2.4.0;
			};
		};
/* End XCRemoteSwiftPackageReference section */

/* Begin XCSwiftPackageProductDependency section */
		39E194F273D81A1A0FA94DF7 /* MarkdownUI */ = {
			isa = XCSwiftPackageProductDependency;
			package = FDE8B95C1B19CC09883FAEBB /* XCRemoteSwiftPackageReference "swift-markdown-ui" */;
			productName = MarkdownUI;
		};
/* End XCSwiftPackageProductDependency section */
	};
	rootObject = 188D0E2A3D4E3DAFA8FBC555 /* Project object */;
}
